
Microsoft Visual Studio Solution File, Format Version 12.00
# Visual Studio 15
VisualStudioVersion = 15.0.28010.2048
MinimumVisualStudioVersion = 10.0.40219.1
Project("{FAE04EC0-301F-11D3-BF4B-00C04F79EFBC}") = "Lab4", "Lab4\Lab4.csproj", "{A2B0924B-B044-447E-BAE4-A44D08CA9958}"
EndProject
Project("{FAE04EC0-301F-11D3-BF4B-00C04F79EFBC}") = "Lab4Question6", "Lab4Question6\Lab4Question6.csproj", "{393AA059-01D2-4D27-88FA-313E0DBFE326}"
EndProject
Project("{FAE04EC0-301F-11D3-BF4B-00C04F79EFBC}") = "Lab4_Question6", "Lab4_Question6\Lab4_Question6.csproj", "{0B2E8AE5-C366-4C02-AB56-E7356ED8EEF6}"
EndProject
Project("{FAE04EC0-301F-11D3-BF4B-00C04F79EFBC}") = "Lab4_Q7", "Lab4_Q7\Lab4_Q7.csproj", "{CFDF2DE3-AE98-4154-AFBE-CAA3481975A1}"
EndProject
Project("{FAE04EC0-301F-11D3-BF4B-00C04F79EFBC}") = "ConsoleApp1", "ConsoleApp1\ConsoleApp1.csproj", "{51BAE6B3-B031-45E5-920E-5AA8E690CD67}"
EndProject
Project("{FAE04EC0-301F-11D3-BF4B-00C04F79EFBC}") = "Lab4_Q8", "Lab4_Q8\Lab4_Q8.csproj", "{26513107-A5F5-4627-91C1-F9FAA17B2E30}"
EndProject
Global
	GlobalSection(SolutionConfigurationPlatforms) = preSolution
		Debug|Any CPU = Debug|Any CPU
		Release|Any CPU = Release|Any CPU
	EndGlobalSection
	GlobalSection(ProjectConfigurationPlatforms) = postSolution
		{A2B0924B-B044-447E-BAE4-A44D08CA9958}.Debug|Any CPU.ActiveCfg = Debug|Any CPU
		{A2B0924B-B044-447E-BAE4-A44D08CA9958}.Debug|Any CPU.Build.0 = Debug|Any CPU
		{A2B0924B-B044-447E-BAE4-A44D08CA9958}.Release|Any CPU.ActiveCfg = Release|Any CPU
		{A2B0924B-B044-447E-BAE4-A44D08CA9958}.Release|Any CPU.Build.0 = Release|Any CPU
		{393AA059-01D2-4D27-88FA-313E0DBFE326}.Debug|Any CPU.ActiveCfg = Debug|Any CPU
		{393AA059-01D2-4D27-88FA-313E0DBFE326}.Debug|Any CPU.Build.0 = Debug|Any CPU
		{393AA059-01D2-4D27-88FA-313E0DBFE326}.Release|Any CPU.ActiveCfg = Release|Any CPU
		{393AA059-01D2-4D27-88FA-313E0DBFE326}.Release|Any CPU.Build.0 = Release|Any CPU
		{0B2E8AE5-C366-4C02-AB56-E7356ED8EEF6}.Debug|Any CPU.ActiveCfg = Debug|Any CPU
		{0B2E8AE5-C366-4C02-AB56-E7356ED8EEF6}.Debug|Any CPU.Build.0 = Debug|Any CPU
		{0B2E8AE5-C366-4C02-AB56-E7356ED8EEF6}.Release|Any CPU.ActiveCfg = Release|Any CPU
		{0B2E8AE5-C366-4C02-AB56-E7356ED8EEF6}.Release|Any CPU.Build.0 = Release|Any CPU
		{CFDF2DE3-AE98-4154-AFBE-CAA3481975A1}.Debug|Any CPU.ActiveCfg = Debug|Any CPU
		{CFDF2DE3-AE98-4154-AFBE-CAA3481975A1}.Debug|Any CPU.Build.0 = Debug|Any CPU
		{CFDF2DE3-AE98-4154-AFBE-CAA3481975A1}.Release|Any CPU.ActiveCfg = Release|Any CPU
		{CFDF2DE3-AE98-4154-AFBE-CAA3481975A1}.Release|Any CPU.Build.0 = Release|Any CPU
		{51BAE6B3-B031-45E5-920E-5AA8E690CD67}.Debug|Any CPU.ActiveCfg = Debug|Any CPU
		{51BAE6B3-B031-45E5-920E-5AA8E690CD67}.Debug|Any CPU.Build.0 = Debug|Any CPU
		{51BAE6B3-B031-45E5-920E-5AA8E690CD67}.Release|Any CPU.ActiveCfg = Release|Any CPU
		{51BAE6B3-B031-45E5-920E-5AA8E690CD67}.Release|Any CPU.Build.0 = Release|Any CPU
		{26513107-A5F5-4627-91C1-F9FAA17B2E30}.Debug|Any CPU.ActiveCfg = Debug|Any CPU
		{26513107-A5F5-4627-91C1-F9FAA17B2E30}.Debug|Any CPU.Build.0 = Debug|Any CPU
		{26513107-A5F5-4627-91C1-F9FAA17B2E30}.Release|Any CPU.ActiveCfg = Release|Any CPU
		{26513107-A5F5-4627-91C1-F9FAA17B2E30}.Release|Any CPU.Build.0 = Release|Any CPU
	EndGlobalSection
	GlobalSection(SolutionProperties) = preSolution
		HideSolutionNode = FALSE
	EndGlobalSection
	GlobalSection(ExtensibilityGlobals) = postSolution
		SolutionGuid = {B1E61B63-9E32-445F-A090-6C688D242CAF}
	EndGlobalSection
EndGlobal
